
Microsoft Visual Studio Solution File, Format Version 12.00
# Visual Studio 2012
Project("{FAE04EC0-301F-11D3-BF4B-00C04F79EFBC}") = "Sjerrul.OpenTk.Clock", "Sjerrul.OpenTk\Sjerrul.OpenTk.Clock.csproj", "{E4990A0A-1E87-4A2E-A59B-37B84C4BFD70}"
EndProject
Project("{FAE04EC0-301F-11D3-BF4B-00C04F79EFBC}") = "Sjerrul.OpenTk.Cube", "Sjerrul.OpenTk.Cube\Sjerrul.OpenTk.Cube.csproj", "{9C723694-AB2F-4EDA-8A60-922E96E7C936}"
EndProject
Project("{FAE04EC0-301F-11D3-BF4B-00C04F79EFBC}") = "Sjerrul.OpenTk.SolarSystem", "Sjerrul.OpenTk.SolarSystem\Sjerrul.OpenTk.SolarSystem.csproj", "{2ACFDBC3-2B1B-4E61-8EA4-DF45F566A6E3}"
EndProject
Project("{FAE04EC0-301F-11D3-BF4B-00C04F79EFBC}") = "Sjerrul.OpenTk.Light", "Sjerrul.OpenTk.Light\Sjerrul.OpenTk.Light.csproj", "{BEFFCBE8-41B7-4B6A-9201-8C83DBB0C3DC}"
EndProject
Project("{FAE04EC0-301F-11D3-BF4B-00C04F79EFBC}") = "Sjerrul.OpenTk.IsometricGame", "Sjerrul.OpenTk.IsometricGame\Sjerrul.OpenTk.IsometricGame.csproj", "{4946927E-F9E0-47C9-A9F1-76013713AB2E}"
EndProject
Project("{FAE04EC0-301F-11D3-BF4B-00C04F79EFBC}") = "Sjerrul.OpenTk.MousePicking", "Sjerrul.OpenTk.MousePicking\Sjerrul.OpenTk.MousePicking.csproj", "{211F5AE4-4092-40AB-857E-699A3E4A8B11}"
EndProject
Global
	GlobalSection(SolutionConfigurationPlatforms) = preSolution
		Debug|Any CPU = Debug|Any CPU
		Release|Any CPU = Release|Any CPU
	EndGlobalSection
	GlobalSection(ProjectConfigurationPlatforms) = postSolution
		{E4990A0A-1E87-4A2E-A59B-37B84C4BFD70}.Debug|Any CPU.ActiveCfg = Debug|Any CPU
		{E4990A0A-1E87-4A2E-A59B-37B84C4BFD70}.Debug|Any CPU.Build.0 = Debug|Any CPU
		{E4990A0A-1E87-4A2E-A59B-37B84C4BFD70}.Release|Any CPU.ActiveCfg = Release|Any CPU
		{E4990A0A-1E87-4A2E-A59B-37B84C4BFD70}.Release|Any CPU.Build.0 = Release|Any CPU
		{9C723694-AB2F-4EDA-8A60-922E96E7C936}.Debug|Any CPU.ActiveCfg = Debug|Any CPU
		{9C723694-AB2F-4EDA-8A60-922E96E7C936}.Debug|Any CPU.Build.0 = Debug|Any CPU
		{9C723694-AB2F-4EDA-8A60-922E96E7C936}.Release|Any CPU.ActiveCfg = Release|Any CPU
		{9C723694-AB2F-4EDA-8A60-922E96E7C936}.Release|Any CPU.Build.0 = Release|Any CPU
		{2ACFDBC3-2B1B-4E61-8EA4-DF45F566A6E3}.Debug|Any CPU.ActiveCfg = Debug|Any CPU
		{2ACFDBC3-2B1B-4E61-8EA4-DF45F566A6E3}.Debug|Any CPU.Build.0 = Debug|Any CPU
		{2ACFDBC3-2B1B-4E61-8EA4-DF45F566A6E3}.Release|Any CPU.ActiveCfg = Release|Any CPU
		{2ACFDBC3-2B1B-4E61-8EA4-DF45F566A6E3}.Release|Any CPU.Build.0 = Release|Any CPU
		{BEFFCBE8-41B7-4B6A-9201-8C83DBB0C3DC}.Debug|Any CPU.ActiveCfg = Debug|Any CPU
		{BEFFCBE8-41B7-4B6A-9201-8C83DBB0C3DC}.Debug|Any CPU.Build.0 = Debug|Any CPU
		{BEFFCBE8-41B7-4B6A-9201-8C83DBB0C3DC}.Release|Any CPU.ActiveCfg = Release|Any CPU
		{BEFFCBE8-41B7-4B6A-9201-8C83DBB0C3DC}.Release|Any CPU.Build.0 = Release|Any CPU
		{4946927E-F9E0-47C9-A9F1-76013713AB2E}.Debug|Any CPU.ActiveCfg = Debug|Any CPU
		{4946927E-F9E0-47C9-A9F1-76013713AB2E}.Debug|Any CPU.Build.0 = Debug|Any CPU
		{4946927E-F9E0-47C9-A9F1-76013713AB2E}.Release|Any CPU.ActiveCfg = Release|Any CPU
		{4946927E-F9E0-47C9-A9F1-76013713AB2E}.Release|Any CPU.Build.0 = Release|Any CPU
		{211F5AE4-4092-40AB-857E-699A3E4A8B11}.Debug|Any CPU.ActiveCfg = Debug|Any CPU
		{211F5AE4-4092-40AB-857E-699A3E4A8B11}.Debug|Any CPU.Build.0 = Debug|Any CPU
		{211F5AE4-4092-40AB-857E-699A3E4A8B11}.Release|Any CPU.ActiveCfg = Release|Any CPU
		{211F5AE4-4092-40AB-857E-699A3E4A8B11}.Release|Any CPU.Build.0 = Release|Any CPU
	EndGlobalSection
	GlobalSection(SolutionProperties) = preSolution
		HideSolutionNode = FALSE
	EndGlobalSection
EndGlobal
